
Microsoft Visual Studio Solution File, Format Version 12.00
# Visual Studio Version 16
VisualStudioVersion = 16.0.31605.320
MinimumVisualStudioVersion = 10.0.40219.1
Project("{9A19103F-16F7-4668-BE54-9A1E7A4F7556}") = "CoreLayer", "CoreLayer\CoreLayer.csproj", "{28FEF73A-A892-4DC1-BBBF-13968DDECE60}"
EndProject
Project("{9A19103F-16F7-4668-BE54-9A1E7A4F7556}") = "DAL", "DAL\DAL.csproj", "{2DB112D1-AAFD-4806-AD90-58196972EF5D}"
EndProject
Project("{9A19103F-16F7-4668-BE54-9A1E7A4F7556}") = "Web", "Web\Web.csproj", "{06C6A3FF-3FAF-475C-9979-ABFD3FEF24EE}"
EndProject
Global
	GlobalSection(SolutionConfigurationPlatforms) = preSolution
		Debug|Any CPU = Debug|Any CPU
		Release|Any CPU = Release|Any CPU
	EndGlobalSection
	GlobalSection(ProjectConfigurationPlatforms) = postSolution
		{28FEF73A-A892-4DC1-BBBF-13968DDECE60}.Debug|Any CPU.ActiveCfg = Debug|Any CPU
		{28FEF73A-A892-4DC1-BBBF-13968DDECE60}.Debug|Any CPU.Build.0 = Debug|Any CPU
		{28FEF73A-A892-4DC1-BBBF-13968DDECE60}.Release|Any CPU.ActiveCfg = Release|Any CPU
		{28FEF73A-A892-4DC1-BBBF-13968DDECE60}.Release|Any CPU.Build.0 = Release|Any CPU
		{2DB112D1-AAFD-4806-AD90-58196972EF5D}.Debug|Any CPU.ActiveCfg = Debug|Any CPU
		{2DB112D1-AAFD-4806-AD90-58196972EF5D}.Debug|Any CPU.Build.0 = Debug|Any CPU
		{2DB112D1-AAFD-4806-AD90-58196972EF5D}.Release|Any CPU.ActiveCfg = Release|Any CPU
		{2DB112D1-AAFD-4806-AD90-58196972EF5D}.Release|Any CPU.Build.0 = Release|Any CPU
		{06C6A3FF-3FAF-475C-9979-ABFD3FEF24EE}.Debug|Any CPU.ActiveCfg = Debug|Any CPU
		{06C6A3FF-3FAF-475C-9979-ABFD3FEF24EE}.Debug|Any CPU.Build.0 = Debug|Any CPU
		{06C6A3FF-3FAF-475C-9979-ABFD3FEF24EE}.Release|Any CPU.ActiveCfg = Release|Any CPU
		{06C6A3FF-3FAF-475C-9979-ABFD3FEF24EE}.Release|Any CPU.Build.0 = Release|Any CPU
	EndGlobalSection
	GlobalSection(SolutionProperties) = preSolution
		HideSolutionNode = FALSE
	EndGlobalSection
	GlobalSection(ExtensibilityGlobals) = postSolution
		SolutionGuid = {F0206C47-0754-44B5-A88E-3A074759931D}
	EndGlobalSection
EndGlobal
